// !$*UTF8*$!
{
	archiveVersion = 1;
	classes = {
	};
	objectVersion = 77;
	objects = {

/* Begin PBXContainerItemProxy section */
		342918E82FDFA7DC005931E3 /* PBXContainerItemProxy */ = {
			isa = PBXContainerItemProxy;
			containerPortal = 342918D22FDFA7DB005931E3 /* Project object */;
			proxyType = 1;
			remoteGlobalIDString = 342918D92FDFA7DB005931E3;
			remoteInfo = Siri27SiriAnimation;
		};
		342918F22FDFA7DC005931E3 /* PBXContainerItemProxy */ = {
			isa = PBXContainerItemProxy;
			containerPortal = 342918D22FDFA7DB005931E3 /* Project object */;
			proxyType = 1;
			remoteGlobalIDString = 342918D92FDFA7DB005931E3;
			remoteInfo = Siri27SiriAnimation;
		};
/* End PBXContainerItemProxy section */

/* Begin PBXFileReference section */
		342918DA2FDFA7DB005931E3 /* Siri27SiriAnimation.app */ = {isa = PBXFileReference; explicitFileType = wrapper.application; includeInIndex = 0; path = Siri27SiriAnimation.app; sourceTree = BUILT_PRODUCTS_DIR; };
		342918E72FDFA7DC005931E3 /* Siri27SiriAnimationTests.xctest */ = {isa = PBXFileReference; explicitFileType = wrapper.cfbundle; includeInIndex = 0; path = Siri27SiriAnimationTests.xctest; sourceTree = BUILT_PRODUCTS_DIR; };
		342918F12FDFA7DC005931E3 /* Siri27SiriAnimationUITests.xctest */ = {isa = PBXFileReference; explicitFileType = wrapper.cfbundle; includeInIndex = 0; path = Siri27SiriAnimationUITests.xctest; sourceTree = BUILT_PRODUCTS_DIR; };
/* End PBXFileReference section */

/* Begin PBXFileSystemSynchronizedRootGroup section */
		342918DC2FDFA7DB005931E3 /* Siri27SiriAnimation */ = {
			isa = PBXFileSystemSynchronizedRootGroup;
			path = Siri27SiriAnimation;
			sourceTree = "<group>";
		};
		342918EA2FDFA7DC005931E3 /* Siri27SiriAnimationTests */ = {
			isa = PBXFileSystemSynchronizedRootGroup;
			path = Siri27SiriAnimationTests;
			sourceTree = "<group>";
		};
		342918F42FDFA7DC005931E3 /* Siri27SiriAnimationUITests */ = {
			isa = PBXFileSystemSynchronizedRootGroup;
			path = Siri27SiriAnimationUITests;
			sourceTree = "<group>";
		};
/* End PBXFileSystemSynchronizedRootGroup section */

/* Begin PBXFrameworksBuildPhase section */
		342918D72FDFA7DB005931E3 /* Frameworks */ = {
			isa = PBXFrameworksBuildPhase;
			buildActionMask = 2147483647;
			files = (
			);
			runOnlyForDeploymentPostprocessing = 0;
		};
		342918E42FDFA7DC005931E3 /* Frameworks */ = {
			isa = PBXFrameworksBuildPhase;
			buildActionMask = 2147483647;
			files = (
			);
			runOnlyForDeploymentPostprocessing = 0;
		};
		342918EE2FDFA7DC005931E3 /* Frameworks */ = {
			isa = PBXFrameworksBuildPhase;
			buildActionMask = 2147483647;
			files = (
			);
			runOnlyForDeploymentPostprocessing = 0;
		};
/* End PBXFrameworksBuildPhase section */

/* Begin PBXGroup section */
		342918D12FDFA7DB005931E3 = {
			isa = PBXGroup;
			children = (
				342918DC2FDFA7DB005931E3 /* Siri27SiriAnimation */,
				342918EA2FDFA7DC005931E3 /* Siri27SiriAnimationTests */,
				342918F42FDFA7DC005931E3 /* Siri27SiriAnimationUITests */,
				342918DB2FDFA7DB005931E3 /* Products */,
			);
			sourceTree = "<group>";
		};
		342918DB2FDFA7DB005931E3 /* Products */ = {
			isa = PBXGroup;
			children = (
				342918DA2FDFA7DB005931E3 /* Siri27SiriAnimation.app */,
				342918E72FDFA7DC005931E3 /* Siri27SiriAnimationTests.xctest */,
				342918F12FDFA7DC005931E3 /* Siri27SiriAnimationUITests.xctest */,
			);
			name = Products;
			sourceTree = "<group>";
		};
/* End PBXGroup section */

/* Begin PBXNativeTarget section */
		342918D92FDFA7DB005931E3 /* Siri27SiriAnimation */ = {
			isa = PBXNativeTarget;
			buildConfigurationList = 342918FB2FDFA7DC005931E3 /* Build configuration list for PBXNativeTarget "Siri27SiriAnimation" */;
			buildPhases = (
				342918D62FDFA7DB005931E3 /* Sources */,
				342918D72FDFA7DB005931E3 /* Frameworks */,
				342918D82FDFA7DB005931E3 /* Resources */,
			);
			buildRules = (
			);
			dependencies = (
			);
			fileSystemSynchronizedGroups = (
				342918DC2FDFA7DB005931E3 /* Siri27SiriAnimation */,
			);
			name = Siri27SiriAnimation;
			packageProductDependencies = (
			);
			productName = Siri27SiriAnimation;
			productReference = 342918DA2FDFA7DB005931E3 /* Siri27SiriAnimation.app */;
			productType = "com.apple.product-type.application";
		};
		342918E62FDFA7DC005931E3 /* Siri27SiriAnimationTests */ = {
			isa = PBXNativeTarget;
			buildConfigurationList = 342918FE2FDFA7DC005931E3 /* Build configuration list for PBXNativeTarget "Siri27SiriAnimationTests" */;
			buildPhases = (
				342918E32FDFA7DC005931E3 /* Sources */,
				342918E42FDFA7DC005931E3 /* Frameworks */,
				342918E52FDFA7DC005931E3 /* Resources */,
			);
			buildRules = (
			);
			dependencies = (
				342918E92FDFA7DC005931E3 /* PBXTargetDependency */,
			);
			fileSystemSynchronizedGroups = (
				342918EA2FDFA7DC005931E3 /* Siri27SiriAnimationTests */,
			);
			name = Siri27SiriAnimationTests;
			packageProductDependencies = (
			);
			productName = Siri27SiriAnimationTests;
			productReference = 342918E72FDFA7DC005931E3 /* Siri27SiriAnimationTests.xctest */;
			productType = "com.apple.product-type.bundle.unit-test";
		};
		342918F02FDFA7DC005931E3 /* Siri27SiriAnimationUITests */ = {
			isa = PBXNativeTarget;
			buildConfigurationList = 342919012FDFA7DC005931E3 /* Build configuration list for PBXNativeTarget "Siri27SiriAnimationUITests" */;
			buildPhases = (
				342918ED2FDFA7DC005931E3 /* Sources */,
				342918EE2FDFA7DC005931E3 /* Frameworks */,
				342918EF2FDFA7DC005931E3 /* Resources */,
			);
			buildRules = (
			);
			dependencies = (
				342918F32FDFA7DC005931E3 /* PBXTargetDependency */,
			);
			fileSystemSynchronizedGroups = (
				342918F42FDFA7DC005931E3 /* Siri27SiriAnimationUITests */,
			);
			name = Siri27SiriAnimationUITests;
			packageProductDependencies = (
			);
			productName = Siri27SiriAnimationUITests;
			productReference = 342918F12FDFA7DC005931E3 /* Siri27SiriAnimationUITests.xctest */;
			productType = "com.apple.product-type.bundle.ui-testing";
		};
/* End PBXNativeTarget section */

/* Begin PBXProject section */
		342918D22FDFA7DB005931E3 /* Project object */ = {
			isa = PBXProject;
			attributes = {
				BuildIndependentTargetsInParallel = 1;
				LastSwiftUpdateCheck = 2650;
				LastUpgradeCheck = 2650;
				TargetAttributes = {
					342918D92FDFA7DB005931E3 = {
						CreatedOnToolsVersion = 26.5;
					};
					342918E62FDFA7DC005931E3 = {
						CreatedOnToolsVersion = 26.5;
						TestTargetID = 342918D92FDFA7DB005931E3;
					};
					342918F02FDFA7DC005931E3 = {
						CreatedOnToolsVersion = 26.5;
						TestTargetID = 342918D92FDFA7DB005931E3;
					};
				};
			};
			buildConfigurationList = 342918D52FDFA7DB005931E3 /* Build configuration list for PBXProject "Siri27SiriAnimation" */;
			developmentRegion = en;
			hasScannedForEncodings = 0;
			knownRegions = (
				en,
				Base,
			);
			mainGroup = 342918D12FDFA7DB005931E3;
			minimizedProjectReferenceProxies = 1;
			preferredProjectObjectVersion = 77;
			productRefGroup = 342918DB2FDFA7DB005931E3 /* Products */;
			projectDirPath = "";
			projectRoot = "";
			targets = (
				342918D92FDFA7DB005931E3 /* Siri27SiriAnimation */,
				342918E62FDFA7DC005931E3 /* Siri27SiriAnimationTests */,
				342918F02FDFA7DC005931E3 /* Siri27SiriAnimationUITests */,
			);
		};
/* End PBXProject section */

/* Begin PBXResourcesBuildPhase section */
		342918D82FDFA7DB005931E3 /* Resources */ = {
			isa = PBXResourcesBuildPhase;
			buildActionMask = 2147483647;
			files = (
			);
			runOnlyForDeploymentPostprocessing = 0;
		};
		342918E52FDFA7DC005931E3 /* Resources */ = {
			isa = PBXResourcesBuildPhase;
			buildActionMask = 2147483647;
			files = (
			);
			runOnlyForDeploymentPostprocessing = 0;
		};
		342918EF2FDFA7DC005931E3 /* Resources */ = {
			isa = PBXResourcesBuildPhase;
			buildActionMask = 2147483647;
			files = (
			);
			runOnlyForDeploymentPostprocessing = 0;
		};
/* End PBXResourcesBuildPhase section */

/* Begin PBXSourcesBuildPhase section */
		342918D62FDFA7DB005931E3 /* Sources */ = {
			isa = PBXSourcesBuildPhase;
			buildActionMask = 2147483647;
			files = (
			);
			runOnlyForDeploymentPostprocessing = 0;
		};
		342918E32FDFA7DC005931E3 /* Sources */ = {
			isa = PBXSourcesBuildPhase;
			buildActionMask = 2147483647;
			files = (
			);
			runOnlyForDeploymentPostprocessing = 0;
		};
		342918ED2FDFA7DC005931E3 /* Sources */ = {
			isa = PBXSourcesBuildPhase;
			buildActionMask = 2147483647;
			files = (
			);
			runOnlyForDeploymentPostprocessing = 0;
		};
/* End PBXSourcesBuildPhase section */

/* Begin PBXTargetDependency section */
		342918E92FDFA7DC005931E3 /* PBXTargetDependency */ = {
			isa = PBXTargetDependency;
			target = 342918D92FDFA7DB005931E3 /* Siri27SiriAnimation */;
			targetProxy = 342918E82FDFA7DC005931E3 /* PBXContainerItemProxy */;
		};
		342918F32FDFA7DC005931E3 /* PBXTargetDependency */ = {
			isa = PBXTargetDependency;
			target = 342918D92FDFA7DB005931E3 /* Siri27SiriAnimation */;
			targetProxy = 342918F22FDFA7DC005931E3 /* PBXContainerItemProxy */;
		};
/* End PBXTargetDependency section */

/* Begin XCBuildConfiguration section */
		342918F92FDFA7DC005931E3 /* Debug */ = {
			isa = XCBuildConfiguration;
			buildSettings = {
				ALWAYS_SEARCH_USER_PATHS = NO;
				ASSETCATALOG_COMPILER_GENERATE_SWIFT_ASSET_SYMBOL_EXTENSIONS = YES;
				CLANG_ANALYZER_NONNULL = YES;
				CLANG_ANALYZER_NUMBER_OBJECT_CONVERSION = YES_AGGRESSIVE;
				CLANG_CXX_LANGUAGE_STANDARD = "gnu++20";
				CLANG_ENABLE_MODULES = YES;
				CLANG_ENABLE_OBJC_ARC = YES;
				CLANG_ENABLE_OBJC_WEAK = YES;
				CLANG_WARN_BLOCK_CAPTURE_AUTORELEASING = YES;
				CLANG_WARN_BOOL_CONVERSION = YES;
				CLANG_WARN_COMMA = YES;
				CLANG_WARN_CONSTANT_CONVERSION = YES;
				CLANG_WARN_DEPRECATED_OBJC_IMPLEMENTATIONS = YES;
				CLANG_WARN_DIRECT_OBJC_ISA_USAGE = YES_ERROR;
				CLANG_WARN_DOCUMENTATION_COMMENTS = YES;
				CLANG_WARN_EMPTY_BODY = YES;
				CLANG_WARN_ENUM_CONVERSION = YES;
				CLANG_WARN_INFINITE_RECURSION = YES;
				CLANG_WARN_INT_CONVERSION = YES;
				CLANG_WARN_NON_LITERAL_NULL_CONVERSION = YES;
				CLANG_WARN_OBJC_IMPLICIT_RETAIN_SELF = YES;
				CLANG_WARN_OBJC_LITERAL_CONVERSION = YES;
				CLANG_WARN_OBJC_ROOT_CLASS = YES_ERROR;
				CLANG_WARN_QUOTED_INCLUDE_IN_FRAMEWORK_HEADER = YES;
				CLANG_WARN_RANGE_LOOP_ANALYSIS = YES;
				CLANG_WARN_STRICT_PROTOTYPES = YES;
				CLANG_WARN_SUSPICIOUS_MOVE = YES;
				CLANG_WARN_UNGUARDED_AVAILABILITY = YES_AGGRESSIVE;
				CLANG_WARN_UNREACHABLE_CODE = YES;
				CLANG_WARN__DUPLICATE_METHOD_MATCH = YES;
				COPY_PHASE_STRIP = NO;
				DEBUG_INFORMATION_FORMAT = dwarf;
				DEVELOPMENT_TEAM = NT9VR9C9HY;
				ENABLE_STRICT_OBJC_MSGSEND = YES;
				ENABLE_TESTABILITY = YES;
				ENABLE_USER_SCRIPT_SANDBOXING = YES;
				GCC_C_LANGUAGE_STANDARD = gnu17;
				GCC_DYNAMIC_NO_PIC = NO;
				GCC_NO_COMMON_BLOCKS = YES;
				GCC_OPTIMIZATION_LEVEL = 0;
				GCC_PREPROCESSOR_DEFINITIONS = (
					"DEBUG=1",
					"$(inherited)",
				);
				GCC_WARN_64_TO_32_BIT_CONVERSION = YES;
				GCC_WARN_ABOUT_RETURN_TYPE = YES_ERROR;
				GCC_WARN_UNDECLARED_SELECTOR = YES;
				GCC_WARN_UNINITIALIZED_AUTOS = YES_AGGRESSIVE;
				GCC_WARN_UNUSED_FUNCTION = YES;
				GCC_WARN_UNUSED_VARIABLE = YES;
				IPHONEOS_DEPLOYMENT_TARGET = 26.5;
				LOCALIZATION_PREFERS_STRING_CATALOGS = YES;
				MTL_ENABLE_DEBUG_INFO = INCLUDE_SOURCE;
				MTL_FAST_MATH = YES;
				ONLY_ACTIVE_ARCH = YES;
				SDKROOT = iphoneos;
				SWIFT_ACTIVE_COMPILATION_CONDITIONS = "DEBUG $(inherited)";
				SWIFT_OPTIMIZATION_LEVEL = "-Onone";
			};
			name = Debug;
		};
		342918FA2FDFA7DC005931E3 /* Release */ = {
			isa = XCBuildConfiguration;
			buildSettings = {
				ALWAYS_SEARCH_USER_PATHS = NO;
				ASSETCATALOG_COMPILER_GENERATE_SWIFT_ASSET_SYMBOL_EXTENSIONS = YES;
				CLANG_ANALYZER_NONNULL = YES;
				CLANG_ANALYZER_NUMBER_OBJECT_CONVERSION = YES_AGGRESSIVE;
				CLANG_CXX_LANGUAGE_STANDARD = "gnu++20";
				CLANG_ENABLE_MODULES = YES;
				CLANG_ENABLE_OBJC_ARC = YES;
				CLANG_ENABLE_OBJC_WEAK = YES;
				CLANG_WARN_BLOCK_CAPTURE_AUTORELEASING = YES;
				CLANG_WARN_BOOL_CONVERSION = YES;
				CLANG_WARN_COMMA = YES;
				CLANG_WARN_CONSTANT_CONVERSION = YES;
				CLANG_WARN_DEPRECATED_OBJC_IMPLEMENTATIONS = YES;
				CLANG_WARN_DIRECT_OBJC_ISA_USAGE = YES_ERROR;
				CLANG_WARN_DOCUMENTATION_COMMENTS = YES;
				CLANG_WARN_EMPTY_BODY = YES;
				CLANG_WARN_ENUM_CONVERSION = YES;
				CLANG_WARN_INFINITE_RECURSION = YES;
				CLANG_WARN_INT_CONVERSION = YES;
				CLANG_WARN_NON_LITERAL_NULL_CONVERSION = YES;
				CLANG_WARN_OBJC_IMPLICIT_RETAIN_SELF = YES;
				CLANG_WARN_OBJC_LITERAL_CONVERSION = YES;
				CLANG_WARN_OBJC_ROOT_CLASS = YES_ERROR;
				CLANG_WARN_QUOTED_INCLUDE_IN_FRAMEWORK_HEADER = YES;
				CLANG_WARN_RANGE_LOOP_ANALYSIS = YES;
				CLANG_WARN_STRICT_PROTOTYPES = YES;
				CLANG_WARN_SUSPICIOUS_MOVE = YES;
				CLANG_WARN_UNGUARDED_AVAILABILITY = YES_AGGRESSIVE;
				CLANG_WARN_UNREACHABLE_CODE = YES;
				CLANG_WARN__DUPLICATE_METHOD_MATCH = YES;
				COPY_PHASE_STRIP = NO;
				DEBUG_INFORMATION_FORMAT = "dwarf-with-dsym";
				DEVELOPMENT_TEAM = NT9VR9C9HY;
				ENABLE_NS_ASSERTIONS = NO;
				ENABLE_STRICT_OBJC_MSGSEND = YES;
				ENABLE_USER_SCRIPT_SANDBOXING = YES;
				GCC_C_LANGUAGE_STANDARD = gnu17;
				GCC_NO_COMMON_BLOCKS = YES;
				GCC_WARN_64_TO_32_BIT_CONVERSION = YES;
				GCC_WARN_ABOUT_RETURN_TYPE = YES_ERROR;
				GCC_WARN_UNDECLARED_SELECTOR = YES;
				GCC_WARN_UNINITIALIZED_AUTOS = YES_AGGRESSIVE;
				GCC_WARN_UNUSED_FUNCTION = YES;
				GCC_WARN_UNUSED_VARIABLE = YES;
				IPHONEOS_DEPLOYMENT_TARGET = 26.5;
				LOCALIZATION_PREFERS_STRING_CATALOGS = YES;
				MTL_ENABLE_DEBUG_INFO = NO;
				MTL_FAST_MATH = YES;
				SDKROOT = iphoneos;
				SWIFT_COMPILATION_MODE = wholemodule;
				VALIDATE_PRODUCT = YES;
			};
			name = Release;
		};
		342918FC2FDFA7DC005931E3 /* Debug */ = {
			isa = XCBuildConfiguration;
			buildSettings = {
				ASSETCATALOG_COMPILER_APPICON_NAME = AppIcon;
				ASSETCATALOG_COMPILER_GLOBAL_ACCENT_COLOR_NAME = AccentColor;
				CODE_SIGN_STYLE = Automatic;
				CURRENT_PROJECT_VERSION = 1;
				DEVELOPMENT_TEAM = NT9VR9C9HY;
				ENABLE_PREVIEWS = YES;
				GENERATE_INFOPLIST_FILE = YES;
				INFOPLIST_KEY_UIApplicationSceneManifest_Generation = YES;
				INFOPLIST_KEY_UIApplicationSupportsIndirectInputEvents = YES;
				INFOPLIST_KEY_UILaunchScreen_Generation = YES;
				INFOPLIST_KEY_UISupportedInterfaceOrientations_iPad = "UIInterfaceOrientationPortrait UIInterfaceOrientationPortraitUpsideDown UIInterfaceOrientationLandscapeLeft UIInterfaceOrientationLandscapeRight";
				INFOPLIST_KEY_UISupportedInterfaceOrientations_iPhone = "UIInterfaceOrientationPortrait UIInterfaceOrientationLandscapeLeft UIInterfaceOrientationLandscapeRight";
				LD_RUNPATH_SEARCH_PATHS = (
					"$(inherited)",
					"@executable_path/Frameworks",
				);
				MARKETING_VERSION = 1.0;
				INFOPLIST_KEY_CFBundleDisplayName = Siri27SiriAnimation;
				PRODUCT_BUNDLE_IDENTIFIER = com.ws.siri27SiriAnimation;
				PRODUCT_NAME = Siri27SiriAnimation;
				STRING_CATALOG_GENERATE_SYMBOLS = YES;
				SWIFT_APPROACHABLE_CONCURRENCY = YES;
				SWIFT_DEFAULT_ACTOR_ISOLATION = MainActor;
				SWIFT_EMIT_LOC_STRINGS = YES;
				SWIFT_UPCOMING_FEATURE_MEMBER_IMPORT_VISIBILITY = YES;
				SWIFT_VERSION = 5.0;
				TARGETED_DEVICE_FAMILY = "1,2";
			};
			name = Debug;
		};
		342918FD2FDFA7DC005931E3 /* Release */ = {
			isa = XCBuildConfiguration;
			buildSettings = {
				ASSETCATALOG_COMPILER_APPICON_NAME = AppIcon;
				ASSETCATALOG_COMPILER_GLOBAL_ACCENT_COLOR_NAME = AccentColor;
				CODE_SIGN_STYLE = Automatic;
				CURRENT_PROJECT_VERSION = 1;
				DEVELOPMENT_TEAM = NT9VR9C9HY;
				ENABLE_PREVIEWS = YES;
				GENERATE_INFOPLIST_FILE = YES;
				INFOPLIST_KEY_UIApplicationSceneManifest_Generation = YES;
				INFOPLIST_KEY_UIApplicationSupportsIndirectInputEvents = YES;
				INFOPLIST_KEY_UILaunchScreen_Generation = YES;
				INFOPLIST_KEY_UISupportedInterfaceOrientations_iPad = "UIInterfaceOrientationPortrait UIInterfaceOrientationPortraitUpsideDown UIInterfaceOrientationLandscapeLeft UIInterfaceOrientationLandscapeRight";
				INFOPLIST_KEY_UISupportedInterfaceOrientations_iPhone = "UIInterfaceOrientationPortrait UIInterfaceOrientationLandscapeLeft UIInterfaceOrientationLandscapeRight";
				LD_RUNPATH_SEARCH_PATHS = (
					"$(inherited)",
					"@executable_path/Frameworks",
				);
				MARKETING_VERSION = 1.0;
				INFOPLIST_KEY_CFBundleDisplayName = Siri27SiriAnimation;
				PRODUCT_BUNDLE_IDENTIFIER = com.ws.siri27SiriAnimation;
				PRODUCT_NAME = Siri27SiriAnimation;
				STRING_CATALOG_GENERATE_SYMBOLS = YES;
				SWIFT_APPROACHABLE_CONCURRENCY = YES;
				SWIFT_DEFAULT_ACTOR_ISOLATION = MainActor;
				SWIFT_EMIT_LOC_STRINGS = YES;
				SWIFT_UPCOMING_FEATURE_MEMBER_IMPORT_VISIBILITY = YES;
				SWIFT_VERSION = 5.0;
				TARGETED_DEVICE_FAMILY = "1,2";
			};
			name = Release;
		};
		342918FF2FDFA7DC005931E3 /* Debug */ = {
			isa = XCBuildConfiguration;
			buildSettings = {
				BUNDLE_LOADER = "$(TEST_HOST)";
				CODE_SIGN_STYLE = Automatic;
				CURRENT_PROJECT_VERSION = 1;
				DEVELOPMENT_TEAM = NT9VR9C9HY;
				GENERATE_INFOPLIST_FILE = YES;
				IPHONEOS_DEPLOYMENT_TARGET = 26.5;
				MARKETING_VERSION = 1.0;
				PRODUCT_BUNDLE_IDENTIFIER = com.ws.Siri27SiriAnimationTests;
				PRODUCT_NAME = "$(TARGET_NAME)";
				STRING_CATALOG_GENERATE_SYMBOLS = NO;
				SWIFT_APPROACHABLE_CONCURRENCY = YES;
				SWIFT_EMIT_LOC_STRINGS = NO;
				SWIFT_UPCOMING_FEATURE_MEMBER_IMPORT_VISIBILITY = YES;
				SWIFT_VERSION = 5.0;
				TARGETED_DEVICE_FAMILY = "1,2";
				TEST_HOST = "$(BUILT_PRODUCTS_DIR)/Siri27SiriAnimation.app/$(BUNDLE_EXECUTABLE_FOLDER_PATH)/Siri27SiriAnimation";
			};
			name = Debug;
		};
		342919002FDFA7DC005931E3 /* Release */ = {
			isa = XCBuildConfiguration;
			buildSettings = {
				BUNDLE_LOADER = "$(TEST_HOST)";
				CODE_SIGN_STYLE = Automatic;
				CURRENT_PROJECT_VERSION = 1;
				DEVELOPMENT_TEAM = NT9VR9C9HY;
				GENERATE_INFOPLIST_FILE = YES;
				IPHONEOS_DEPLOYMENT_TARGET = 26.5;
				MARKETING_VERSION = 1.0;
				PRODUCT_BUNDLE_IDENTIFIER = com.ws.Siri27SiriAnimationTests;
				PRODUCT_NAME = "$(TARGET_NAME)";
				STRING_CATALOG_GENERATE_SYMBOLS = NO;
				SWIFT_APPROACHABLE_CONCURRENCY = YES;
				SWIFT_EMIT_LOC_STRINGS = NO;
				SWIFT_UPCOMING_FEATURE_MEMBER_IMPORT_VISIBILITY = YES;
				SWIFT_VERSION = 5.0;
				TARGETED_DEVICE_FAMILY = "1,2";
				TEST_HOST = "$(BUILT_PRODUCTS_DIR)/Siri27SiriAnimation.app/$(BUNDLE_EXECUTABLE_FOLDER_PATH)/Siri27SiriAnimation";
			};
			name = Release;
		};
		342919022FDFA7DC005931E3 /* Debug */ = {
			isa = XCBuildConfiguration;
			buildSettings = {
				CODE_SIGN_STYLE = Automatic;
				CURRENT_PROJECT_VERSION = 1;
				DEVELOPMENT_TEAM = NT9VR9C9HY;
				GENERATE_INFOPLIST_FILE = YES;
				MARKETING_VERSION = 1.0;
				PRODUCT_BUNDLE_IDENTIFIER = com.ws.Siri27SiriAnimationUITests;
				PRODUCT_NAME = "$(TARGET_NAME)";
				STRING_CATALOG_GENERATE_SYMBOLS = NO;
				SWIFT_APPROACHABLE_CONCURRENCY = YES;
				SWIFT_EMIT_LOC_STRINGS = NO;
				SWIFT_UPCOMING_FEATURE_MEMBER_IMPORT_VISIBILITY = YES;
				SWIFT_VERSION = 5.0;
				TARGETED_DEVICE_FAMILY = "1,2";
				TEST_TARGET_NAME = Siri27SiriAnimation;
			};
			name = Debug;
		};
		342919032FDFA7DC005931E3 /* Release */ = {
			isa = XCBuildConfiguration;
			buildSettings = {
				CODE_SIGN_STYLE = Automatic;
				CURRENT_PROJECT_VERSION = 1;
				DEVELOPMENT_TEAM = NT9VR9C9HY;
				GENERATE_INFOPLIST_FILE = YES;
				MARKETING_VERSION = 1.0;
				PRODUCT_BUNDLE_IDENTIFIER = com.ws.Siri27SiriAnimationUITests;
				PRODUCT_NAME = "$(TARGET_NAME)";
				STRING_CATALOG_GENERATE_SYMBOLS = NO;
				SWIFT_APPROACHABLE_CONCURRENCY = YES;
				SWIFT_EMIT_LOC_STRINGS = NO;
				SWIFT_UPCOMING_FEATURE_MEMBER_IMPORT_VISIBILITY = YES;
				SWIFT_VERSION = 5.0;
				TARGETED_DEVICE_FAMILY = "1,2";
				TEST_TARGET_NAME = Siri27SiriAnimation;
			};
			name = Release;
		};
/* End XCBuildConfiguration section */

/* Begin XCConfigurationList section */
		342918D52FDFA7DB005931E3 /* Build configuration list for PBXProject "Siri27SiriAnimation" */ = {
			isa = XCConfigurationList;
			buildConfigurations = (
				342918F92FDFA7DC005931E3 /* Debug */,
				342918FA2FDFA7DC005931E3 /* Release */,
			);
			defaultConfigurationIsVisible = 0;
			defaultConfigurationName = Release;
		};
		342918FB2FDFA7DC005931E3 /* Build configuration list for PBXNativeTarget "Siri27SiriAnimation" */ = {
			isa = XCConfigurationList;
			buildConfigurations = (
				342918FC2FDFA7DC005931E3 /* Debug */,
				342918FD2FDFA7DC005931E3 /* Release */,
			);
			defaultConfigurationIsVisible = 0;
			defaultConfigurationName = Release;
		};
		342918FE2FDFA7DC005931E3 /* Build configuration list for PBXNativeTarget "Siri27SiriAnimationTests" */ = {
			isa = XCConfigurationList;
			buildConfigurations = (
				342918FF2FDFA7DC005931E3 /* Debug */,
				342919002FDFA7DC005931E3 /* Release */,
			);
			defaultConfigurationIsVisible = 0;
			defaultConfigurationName = Release;
		};
		342919012FDFA7DC005931E3 /* Build configuration list for PBXNativeTarget "Siri27SiriAnimationUITests" */ = {
			isa = XCConfigurationList;
			buildConfigurations = (
				342919022FDFA7DC005931E3 /* Debug */,
				342919032FDFA7DC005931E3 /* Release */,
			);
			defaultConfigurationIsVisible = 0;
			defaultConfigurationName = Release;
		};
/* End XCConfigurationList section */
	};
	rootObject = 342918D22FDFA7DB005931E3 /* Project object */;
}
